
Microsoft Visual Studio Solution File, Format Version 12.00
# Visual Studio 14
VisualStudioVersion = 14.0.25420.1
MinimumVisualStudioVersion = 10.0.40219.1
Project("{FAE04EC0-301F-11D3-BF4B-00C04F79EFBC}") = "N3DB", "N3DB\N3DB.csproj", "{01C4554D-9AF5-4525-ACBF-B26F0F36D190}"
EndProject
Project("{FAE04EC0-301F-11D3-BF4B-00C04F79EFBC}") = "N3DBInit", "N3DBInit\N3DBInit.csproj", "{3D189FA0-D43A-4731-843D-21018FA44EB2}"
EndProject
Global
	GlobalSection(SolutionConfigurationPlatforms) = preSolution
		Debug|Any CPU = Debug|Any CPU
		Release|Any CPU = Release|Any CPU
	EndGlobalSection
	GlobalSection(ProjectConfigurationPlatforms) = postSolution
		{01C4554D-9AF5-4525-ACBF-B26F0F36D190}.Debug|Any CPU.ActiveCfg = Debug|Any CPU
		{01C4554D-9AF5-4525-ACBF-B26F0F36D190}.Debug|Any CPU.Build.0 = Debug|Any CPU
		{01C4554D-9AF5-4525-ACBF-B26F0F36D190}.Release|Any CPU.ActiveCfg = Release|Any CPU
		{01C4554D-9AF5-4525-ACBF-B26F0F36D190}.Release|Any CPU.Build.0 = Release|Any CPU
		{3D189FA0-D43A-4731-843D-21018FA44EB2}.Debug|Any CPU.ActiveCfg = Debug|Any CPU
		{3D189FA0-D43A-4731-843D-21018FA44EB2}.Debug|Any CPU.Build.0 = Debug|Any CPU
		{3D189FA0-D43A-4731-843D-21018FA44EB2}.Release|Any CPU.ActiveCfg = Release|Any CPU
		{3D189FA0-D43A-4731-843D-21018FA44EB2}.Release|Any CPU.Build.0 = Release|Any CPU
	EndGlobalSection
	GlobalSection(SolutionProperties) = preSolution
		HideSolutionNode = FALSE
	EndGlobalSection
EndGlobal
